
Microsoft Visual Studio Solution File, Format Version 12.00
# Visual Studio Version 16
VisualStudioVersion = 16.0.29519.87
MinimumVisualStudioVersion = 10.0.40219.1
Project("{888888A0-9F3D-457C-B088-3A5042F75D52}") = "dcgan_practice", "dcgan_practice.pyproj", "{B49FF403-1B23-4E27-94C1-3882CC39B21A}"
EndProject
Global
	GlobalSection(SolutionConfigurationPlatforms) = preSolution
		Debug|Any CPU = Debug|Any CPU
		Release|Any CPU = Release|Any CPU
	EndGlobalSection
	GlobalSection(ProjectConfigurationPlatforms) = postSolution
		{B49FF403-1B23-4E27-94C1-3882CC39B21A}.Debug|Any CPU.ActiveCfg = Debug|Any CPU
		{B49FF403-1B23-4E27-94C1-3882CC39B21A}.Release|Any CPU.ActiveCfg = Release|Any CPU
	EndGlobalSection
	GlobalSection(SolutionProperties) = preSolution
		HideSolutionNode = FALSE
	EndGlobalSection
	GlobalSection(ExtensibilityGlobals) = postSolution
		SolutionGuid = {321F0D3E-A76F-49BD-8D3D-D68ACA6B4716}
	EndGlobalSection
EndGlobal
